
Microsoft Visual Studio Solution File, Format Version 12.00
# Visual Studio Version 16
VisualStudioVersion = 16.0.28917.181
MinimumVisualStudioVersion = 10.0.40219.1
Project("{FAE04EC0-301F-11D3-BF4B-00C04F79EFBC}") = "Intelligent Patient Admission Management System", "Intelligent Patient Admission Managment System\Intelligent Patient Admission Management System.csproj", "{A160393E-B83D-4A7F-AB8F-EB6B6C6076C7}"
EndProject
Project("{FAE04EC0-301F-11D3-BF4B-00C04F79EFBC}") = "IPAMS_BE", "IPAMS_BE\IPAMS_BE.csproj", "{BF060A48-B58F-439B-8CD3-2931E89E6B5F}"
EndProject
Project("{FAE04EC0-301F-11D3-BF4B-00C04F79EFBC}") = "IPAMS_DAL", "IPMAS_DAL\IPAMS_DAL.csproj", "{C2A757C1-3C88-48A3-8A11-3880ABD8F2AF}"
EndProject
Project("{FAE04EC0-301F-11D3-BF4B-00C04F79EFBC}") = "IPAMS_BLL", "IPAMS_BLL\IPAMS_BLL.csproj", "{3275669A-B588-4ECE-A6F7-EA5CA274DA77}"
EndProject
Project("{2150E333-8FDC-42A3-9474-1A3956D46DE8}") = "Solution Items", "Solution Items", "{338C01C0-3598-42C9-A065-DB7E7045C911}"
	ProjectSection(SolutionItems) = preProject
		.editorconfig = .editorconfig
	EndProjectSection
EndProject
Global
	GlobalSection(SolutionConfigurationPlatforms) = preSolution
		Debug|Any CPU = Debug|Any CPU
		Release|Any CPU = Release|Any CPU
	EndGlobalSection
	GlobalSection(ProjectConfigurationPlatforms) = postSolution
		{A160393E-B83D-4A7F-AB8F-EB6B6C6076C7}.Debug|Any CPU.ActiveCfg = Debug|Any CPU
		{A160393E-B83D-4A7F-AB8F-EB6B6C6076C7}.Debug|Any CPU.Build.0 = Debug|Any CPU
		{A160393E-B83D-4A7F-AB8F-EB6B6C6076C7}.Release|Any CPU.ActiveCfg = Release|Any CPU
		{A160393E-B83D-4A7F-AB8F-EB6B6C6076C7}.Release|Any CPU.Build.0 = Release|Any CPU
		{BF060A48-B58F-439B-8CD3-2931E89E6B5F}.Debug|Any CPU.ActiveCfg = Debug|Any CPU
		{BF060A48-B58F-439B-8CD3-2931E89E6B5F}.Debug|Any CPU.Build.0 = Debug|Any CPU
		{BF060A48-B58F-439B-8CD3-2931E89E6B5F}.Release|Any CPU.ActiveCfg = Release|Any CPU
		{BF060A48-B58F-439B-8CD3-2931E89E6B5F}.Release|Any CPU.Build.0 = Release|Any CPU
		{C2A757C1-3C88-48A3-8A11-3880ABD8F2AF}.Debug|Any CPU.ActiveCfg = Debug|Any CPU
		{C2A757C1-3C88-48A3-8A11-3880ABD8F2AF}.Debug|Any CPU.Build.0 = Debug|Any CPU
		{C2A757C1-3C88-48A3-8A11-3880ABD8F2AF}.Release|Any CPU.ActiveCfg = Release|Any CPU
		{C2A757C1-3C88-48A3-8A11-3880ABD8F2AF}.Release|Any CPU.Build.0 = Release|Any CPU
		{3275669A-B588-4ECE-A6F7-EA5CA274DA77}.Debug|Any CPU.ActiveCfg = Debug|Any CPU
		{3275669A-B588-4ECE-A6F7-EA5CA274DA77}.Debug|Any CPU.Build.0 = Debug|Any CPU
		{3275669A-B588-4ECE-A6F7-EA5CA274DA77}.Release|Any CPU.ActiveCfg = Release|Any CPU
		{3275669A-B588-4ECE-A6F7-EA5CA274DA77}.Release|Any CPU.Build.0 = Release|Any CPU
	EndGlobalSection
	GlobalSection(SolutionProperties) = preSolution
		HideSolutionNode = FALSE
	EndGlobalSection
	GlobalSection(ExtensibilityGlobals) = postSolution
		SolutionGuid = {19B1DCB1-67F2-432F-83BA-C7E96DFDE873}
	EndGlobalSection
EndGlobal
